
Microsoft Visual Studio Solution File, Format Version 12.00
# Visual Studio Version 16
VisualStudioVersion = 16.0.29102.190
MinimumVisualStudioVersion = 10.0.40219.1
Project("{2150E333-8FDC-42A3-9474-1A3956D46DE8}") = "DevOps", "DevOps", "{D29CABE7-467E-4CF6-B44B-3C58AB76145A}"
	ProjectSection(SolutionItems) = preProject
		..\.gitignore = ..\.gitignore
		..\azure-pipelines.release.yml = ..\azure-pipelines.release.yml
		..\azure-pipelines.yml = ..\azure-pipelines.yml
		..\GitVersion.yml = ..\GitVersion.yml
	EndProjectSection
EndProject
Project("{9A19103F-16F7-4668-BE54-9A1E7A4F7556}") = "Corvus.Identity.ManagedServiceIdentity.ClientAuthentication", "Corvus.Identity.ManagedServiceIdentity.ClientAuthentication\Corvus.Identity.ManagedServiceIdentity.ClientAuthentication.csproj", "{A83D2A90-3FCE-45FE-892F-E778E8A018FF}"
EndProject
Project("{9A19103F-16F7-4668-BE54-9A1E7A4F7556}") = "Corvus.Identity.ManagedServiceIdentity.ClientAuthentication.Specs", "Corvus.Identity.ManagedServiceIdentity.ClientAuthentication.Specs\Corvus.Identity.ManagedServiceIdentity.ClientAuthentication.Specs.csproj", "{24D0BC07-9757-4111-A60B-5D9E2326E3A4}"
EndProject
Project("{9A19103F-16F7-4668-BE54-9A1E7A4F7556}") = "Corvus.Identity.Azure", "Corvus.Identity.Azure\Corvus.Identity.Azure.csproj", "{831D509C-4971-453D-86B8-ADC4AB7CD592}"
EndProject
Project("{9A19103F-16F7-4668-BE54-9A1E7A4F7556}") = "Corvus.Identity.Abstractions", "Corvus.Identity.Abstractions\Corvus.Identity.Abstractions.csproj", "{3DCE2F70-5F7C-42A2-9690-9D05C8314EAA}"
EndProject
Project("{9A19103F-16F7-4668-BE54-9A1E7A4F7556}") = "Corvus.Identity.MicrosoftRest", "Corvus.Identity.MicrosoftRest\Corvus.Identity.MicrosoftRest.csproj", "{EFFDA5EA-A8F5-4942-B9F0-9B65D0170588}"
EndProject
Project("{2150E333-8FDC-42A3-9474-1A3956D46DE8}") = "Examples", "Examples", "{2DE5BB9E-59CC-4C88-934A-6AD0079AB3E6}"
EndProject
Project("{9A19103F-16F7-4668-BE54-9A1E7A4F7556}") = "Corvus.Identity.Examples.AzureFunctions", "Corvus.Identity.Examples.AzureFunctions\Corvus.Identity.Examples.AzureFunctions.csproj", "{DB3D155B-13F7-4285-B923-69917FB51135}"
EndProject
Project("{9A19103F-16F7-4668-BE54-9A1E7A4F7556}") = "Corvus.Identity.Examples.UsingMicrosoftRest", "Corvus.Identity.Examples.UsingMicrosoftRest\Corvus.Identity.Examples.UsingMicrosoftRest.csproj", "{C3DA1FFA-7A6B-45BE-AAF9-E674C7747E82}"
EndProject
Project("{9A19103F-16F7-4668-BE54-9A1E7A4F7556}") = "Corvus.Identity.Examples.UsingAzureCore", "Corvus.Identity.Examples.UsingAzureCore\Corvus.Identity.Examples.UsingAzureCore.csproj", "{09A0C593-AE3D-42D2-9D58-4EA045A67C92}"
EndProject
Project("{9A19103F-16F7-4668-BE54-9A1E7A4F7556}") = "Corvus.Identity.Examples.UsingPlainTokens", "Corvus.Identity.Examples.UsingPlainTokens\Corvus.Identity.Examples.UsingPlainTokens.csproj", "{8FFF9508-9CE7-41AC-B1F2-BA86F9939ACA}"
EndProject
Global
	GlobalSection(SolutionConfigurationPlatforms) = preSolution
		Debug|Any CPU = Debug|Any CPU
		Release|Any CPU = Release|Any CPU
	EndGlobalSection
	GlobalSection(ProjectConfigurationPlatforms) = postSolution
		{A83D2A90-3FCE-45FE-892F-E778E8A018FF}.Debug|Any CPU.ActiveCfg = Debug|Any CPU
		{A83D2A90-3FCE-45FE-892F-E778E8A018FF}.Debug|Any CPU.Build.0 = Debug|Any CPU
		{A83D2A90-3FCE-45FE-892F-E778E8A018FF}.Release|Any CPU.ActiveCfg = Release|Any CPU
		{A83D2A90-3FCE-45FE-892F-E778E8A018FF}.Release|Any CPU.Build.0 = Release|Any CPU
		{24D0BC07-9757-4111-A60B-5D9E2326E3A4}.Debug|Any CPU.ActiveCfg = Debug|Any CPU
		{24D0BC07-9757-4111-A60B-5D9E2326E3A4}.Debug|Any CPU.Build.0 = Debug|Any CPU
		{24D0BC07-9757-4111-A60B-5D9E2326E3A4}.Release|Any CPU.ActiveCfg = Release|Any CPU
		{24D0BC07-9757-4111-A60B-5D9E2326E3A4}.Release|Any CPU.Build.0 = Release|Any CPU
		{831D509C-4971-453D-86B8-ADC4AB7CD592}.Debug|Any CPU.ActiveCfg = Debug|Any CPU
		{831D509C-4971-453D-86B8-ADC4AB7CD592}.Debug|Any CPU.Build.0 = Debug|Any CPU
		{831D509C-4971-453D-86B8-ADC4AB7CD592}.Release|Any CPU.ActiveCfg = Release|Any CPU
		{831D509C-4971-453D-86B8-ADC4AB7CD592}.Release|Any CPU.Build.0 = Release|Any CPU
		{3DCE2F70-5F7C-42A2-9690-9D05C8314EAA}.Debug|Any CPU.ActiveCfg = Debug|Any CPU
		{3DCE2F70-5F7C-42A2-9690-9D05C8314EAA}.Debug|Any CPU.Build.0 = Debug|Any CPU
		{3DCE2F70-5F7C-42A2-9690-9D05C8314EAA}.Release|Any CPU.ActiveCfg = Release|Any CPU
		{3DCE2F70-5F7C-42A2-9690-9D05C8314EAA}.Release|Any CPU.Build.0 = Release|Any CPU
		{EFFDA5EA-A8F5-4942-B9F0-9B65D0170588}.Debug|Any CPU.ActiveCfg = Debug|Any CPU
		{EFFDA5EA-A8F5-4942-B9F0-9B65D0170588}.Debug|Any CPU.Build.0 = Debug|Any CPU
		{EFFDA5EA-A8F5-4942-B9F0-9B65D0170588}.Release|Any CPU.ActiveCfg = Release|Any CPU
		{EFFDA5EA-A8F5-4942-B9F0-9B65D0170588}.Release|Any CPU.Build.0 = Release|Any CPU
		{DB3D155B-13F7-4285-B923-69917FB51135}.Debug|Any CPU.ActiveCfg = Debug|Any CPU
		{DB3D155B-13F7-4285-B923-69917FB51135}.Debug|Any CPU.Build.0 = Debug|Any CPU
		{DB3D155B-13F7-4285-B923-69917FB51135}.Release|Any CPU.ActiveCfg = Release|Any CPU
		{DB3D155B-13F7-4285-B923-69917FB51135}.Release|Any CPU.Build.0 = Release|Any CPU
		{C3DA1FFA-7A6B-45BE-AAF9-E674C7747E82}.Debug|Any CPU.ActiveCfg = Debug|Any CPU
		{C3DA1FFA-7A6B-45BE-AAF9-E674C7747E82}.Debug|Any CPU.Build.0 = Debug|Any CPU
		{C3DA1FFA-7A6B-45BE-AAF9-E674C7747E82}.Release|Any CPU.ActiveCfg = Release|Any CPU
		{C3DA1FFA-7A6B-45BE-AAF9-E674C7747E82}.Release|Any CPU.Build.0 = Release|Any CPU
		{09A0C593-AE3D-42D2-9D58-4EA045A67C92}.Debug|Any CPU.ActiveCfg = Debug|Any CPU
		{09A0C593-AE3D-42D2-9D58-4EA045A67C92}.Debug|Any CPU.Build.0 = Debug|Any CPU
		{09A0C593-AE3D-42D2-9D58-4EA045A67C92}.Release|Any CPU.ActiveCfg = Release|Any CPU
		{09A0C593-AE3D-42D2-9D58-4EA045A67C92}.Release|Any CPU.Build.0 = Release|Any CPU
		{8FFF9508-9CE7-41AC-B1F2-BA86F9939ACA}.Debug|Any CPU.ActiveCfg = Debug|Any CPU
		{8FFF9508-9CE7-41AC-B1F2-BA86F9939ACA}.Debug|Any CPU.Build.0 = Debug|Any CPU
		{8FFF9508-9CE7-41AC-B1F2-BA86F9939ACA}.Release|Any CPU.ActiveCfg = Release|Any CPU
		{8FFF9508-9CE7-41AC-B1F2-BA86F9939ACA}.Release|Any CPU.Build.0 = Release|Any CPU
	EndGlobalSection
	GlobalSection(SolutionProperties) = preSolution
		HideSolutionNode = FALSE
	EndGlobalSection
	GlobalSection(NestedProjects) = preSolution
		{DB3D155B-13F7-4285-B923-69917FB51135} = {2DE5BB9E-59CC-4C88-934A-6AD0079AB3E6}
		{C3DA1FFA-7A6B-45BE-AAF9-E674C7747E82} = {2DE5BB9E-59CC-4C88-934A-6AD0079AB3E6}
		{09A0C593-AE3D-42D2-9D58-4EA045A67C92} = {2DE5BB9E-59CC-4C88-934A-6AD0079AB3E6}
		{8FFF9508-9CE7-41AC-B1F2-BA86F9939ACA} = {2DE5BB9E-59CC-4C88-934A-6AD0079AB3E6}
	EndGlobalSection
	GlobalSection(ExtensibilityGlobals) = postSolution
		SolutionGuid = {8AB59C41-0B95-4BBF-A747-B8D47ABFCC20}
	EndGlobalSection
EndGlobal
